
Microsoft Visual Studio Solution File, Format Version 12.00
# Visual Studio Version 16
VisualStudioVersion = 16.0.35425.106
MinimumVisualStudioVersion = 10.0.40219.1
Project("{FAE04EC0-301F-11D3-BF4B-00C04F79EFBC}") = "bloodbank", "bloodbank\bloodbank.csproj", "{DF7826AF-D57C-4244-8F0F-B127EE7ED252}"
EndProject
Global
	GlobalSection(SolutionConfigurationPlatforms) = preSolution
		Debug|Any CPU = Debug|Any CPU
		Release|Any CPU = Release|Any CPU
	EndGlobalSection
	GlobalSection(ProjectConfigurationPlatforms) = postSolution
		{DF7826AF-D57C-4244-8F0F-B127EE7ED252}.Debug|Any CPU.ActiveCfg = Debug|Any CPU
		{DF7826AF-D57C-4244-8F0F-B127EE7ED252}.Debug|Any CPU.Build.0 = Debug|Any CPU
		{DF7826AF-D57C-4244-8F0F-B127EE7ED252}.Release|Any CPU.ActiveCfg = Release|Any CPU
		{DF7826AF-D57C-4244-8F0F-B127EE7ED252}.Release|Any CPU.Build.0 = Release|Any CPU
	EndGlobalSection
	GlobalSection(SolutionProperties) = preSolution
		HideSolutionNode = FALSE
	EndGlobalSection
	GlobalSection(ExtensibilityGlobals) = postSolution
		SolutionGuid = {14E90315-089D-4420-8C6E-1B856A82F0ED}
	EndGlobalSection
EndGlobal
